{
  "name": "replay-rails",
  "lockfileVersion": 3,
  "requires": true,
  "packages": {
    "": {
      "dependencies": {
        "daisyui": "^5"
      }
    },
    "node_modules/daisyui": {
      "version": "5.7.14",
      "resolved": "https://registry.npmjs.org/daisyui/-/daisyui-5.7.14.tgz",
      "integrity": "sha512-mbEBc49mp6ueUNxVNPIQiX3mzYIirkST8EA3lLMKCkrWzpiM8Iy8eHjj+G6gitFQB73m9qFLPg75S4D1LDUw0g==",
      "license": "MIT",
      "funding": {
        "url": "https://github.com/saadeghi/daisyui?sponsor=1"
      }
    }
  }
}
